
Microsoft Visual Studio Solution File, Format Version 12.00
# Visual Studio Version 17
VisualStudioVersion = 17.4.33205.214
MinimumVisualStudioVersion = 10.0.40219.1
Project("{00D1A9C2-B5F0-4AF3-8072-F6C62B433612}") = "EonData.Database", "EonData.Database\EonData.Database.sqlproj", "{311B826A-8316-454E-9071-F0866B31C283}"
EndProject
Project("{54A90642-561A-4BB1-A94E-469ADEE60C69}") = "EonData.Web", "EonData.Web\EonData.Web.esproj", "{B1DD1867-DFE9-4A87-8BB6-EB8AEF148316}"
EndProject
Project("{9A19103F-16F7-4668-BE54-9A1E7A4F7556}") = "EonData.Api", "EonData.Api\EonData.Api.csproj", "{5DB2257B-8DCF-4F6D-A29E-FBD09A918EAB}"
EndProject
Project("{2150E333-8FDC-42A3-9474-1A3956D46DE8}") = "AzureADB2C", "AzureADB2C", "{6FF11977-1EFA-4E78-8DEA-9FA394E84451}"
	ProjectSection(SolutionItems) = preProject
		AzureADB2C\DeployADB2C.ps1 = AzureADB2C\DeployADB2C.ps1
		AzureADB2C\PasswordReset.xml = AzureADB2C\PasswordReset.xml
		AzureADB2C\ProfileEdit.xml = AzureADB2C\ProfileEdit.xml
		AzureADB2C\SignUpOrSignin.xml = AzureADB2C\SignUpOrSignin.xml
		AzureADB2C\TrustFrameworkBase.xml = AzureADB2C\TrustFrameworkBase.xml
		AzureADB2C\TrustFrameworkExtensions.xml = AzureADB2C\TrustFrameworkExtensions.xml
		AzureADB2C\TrustFrameworkLocalization.xml = AzureADB2C\TrustFrameworkLocalization.xml
		AzureADB2C\TrustFrameworkPolicy_0.3.0.0.xsd = AzureADB2C\TrustFrameworkPolicy_0.3.0.0.xsd
	EndProjectSection
EndProject
Project("{9A19103F-16F7-4668-BE54-9A1E7A4F7556}") = "EonData.DomainEntities", "EonData.DomainEntities\EonData.DomainEntities.csproj", "{BB0957EA-E9AA-46FE-8C97-442DB3E571EA}"
EndProject
Project("{9A19103F-16F7-4668-BE54-9A1E7A4F7556}") = "EonData.DomainLogic", "EonData.DomainLogic\EonData.DomainLogic.csproj", "{7933A9F9-799B-4503-9327-9A2281D69455}"
EndProject
Project("{9A19103F-16F7-4668-BE54-9A1E7A4F7556}") = "EonData.CloudControl.AWS", "EonData.CloudControl.AWS\EonData.CloudControl.AWS.csproj", "{6F60C6BC-0A04-4B22-B121-EC264A2AD2C7}"
EndProject
Global
	GlobalSection(SolutionConfigurationPlatforms) = preSolution
		Debug|Any CPU = Debug|Any CPU
		Debug|ARM64 = Debug|ARM64
		Debug|x64 = Debug|x64
		Debug|x86 = Debug|x86
		Release|Any CPU = Release|Any CPU
		Release|ARM64 = Release|ARM64
		Release|x64 = Release|x64
		Release|x86 = Release|x86
	EndGlobalSection
	GlobalSection(ProjectConfigurationPlatforms) = postSolution
		{311B826A-8316-454E-9071-F0866B31C283}.Debug|Any CPU.ActiveCfg = Debug|Any CPU
		{311B826A-8316-454E-9071-F0866B31C283}.Debug|Any CPU.Build.0 = Debug|Any CPU
		{311B826A-8316-454E-9071-F0866B31C283}.Debug|Any CPU.Deploy.0 = Debug|Any CPU
		{311B826A-8316-454E-9071-F0866B31C283}.Debug|ARM64.ActiveCfg = Debug|ARM64
		{311B826A-8316-454E-9071-F0866B31C283}.Debug|ARM64.Build.0 = Debug|ARM64
		{311B826A-8316-454E-9071-F0866B31C283}.Debug|ARM64.Deploy.0 = Debug|ARM64
		{311B826A-8316-454E-9071-F0866B31C283}.Debug|x64.ActiveCfg = Debug|x64
		{311B826A-8316-454E-9071-F0866B31C283}.Debug|x64.Build.0 = Debug|x64
		{311B826A-8316-454E-9071-F0866B31C283}.Debug|x64.Deploy.0 = Debug|x64
		{311B826A-8316-454E-9071-F0866B31C283}.Debug|x86.ActiveCfg = Debug|Any CPU
		{311B826A-8316-454E-9071-F0866B31C283}.Debug|x86.Build.0 = Debug|Any CPU
		{311B826A-8316-454E-9071-F0866B31C283}.Debug|x86.Deploy.0 = Debug|Any CPU
		{311B826A-8316-454E-9071-F0866B31C283}.Release|Any CPU.ActiveCfg = Release|Any CPU
		{311B826A-8316-454E-9071-F0866B31C283}.Release|Any CPU.Build.0 = Release|Any CPU
		{311B826A-8316-454E-9071-F0866B31C283}.Release|Any CPU.Deploy.0 = Release|Any CPU
		{311B826A-8316-454E-9071-F0866B31C283}.Release|ARM64.ActiveCfg = Release|ARM64
		{311B826A-8316-454E-9071-F0866B31C283}.Release|ARM64.Build.0 = Release|ARM64
		{311B826A-8316-454E-9071-F0866B31C283}.Release|ARM64.Deploy.0 = Release|ARM64
		{311B826A-8316-454E-9071-F0866B31C283}.Release|x64.ActiveCfg = Release|x64
		{311B826A-8316-454E-9071-F0866B31C283}.Release|x64.Build.0 = Release|x64
		{311B826A-8316-454E-9071-F0866B31C283}.Release|x64.Deploy.0 = Release|x64
		{311B826A-8316-454E-9071-F0866B31C283}.Release|x86.ActiveCfg = Release|Any CPU
		{311B826A-8316-454E-9071-F0866B31C283}.Release|x86.Build.0 = Release|Any CPU
		{311B826A-8316-454E-9071-F0866B31C283}.Release|x86.Deploy.0 = Release|Any CPU
		{B1DD1867-DFE9-4A87-8BB6-EB8AEF148316}.Debug|Any CPU.ActiveCfg = Debug|Any CPU
		{B1DD1867-DFE9-4A87-8BB6-EB8AEF148316}.Debug|Any CPU.Build.0 = Debug|Any CPU
		{B1DD1867-DFE9-4A87-8BB6-EB8AEF148316}.Debug|Any CPU.Deploy.0 = Debug|Any CPU
		{B1DD1867-DFE9-4A87-8BB6-EB8AEF148316}.Debug|ARM64.ActiveCfg = Debug|ARM64
		{B1DD1867-DFE9-4A87-8BB6-EB8AEF148316}.Debug|ARM64.Build.0 = Debug|ARM64
		{B1DD1867-DFE9-4A87-8BB6-EB8AEF148316}.Debug|ARM64.Deploy.0 = Debug|ARM64
		{B1DD1867-DFE9-4A87-8BB6-EB8AEF148316}.Debug|x64.ActiveCfg = Debug|x64
		{B1DD1867-DFE9-4A87-8BB6-EB8AEF148316}.Debug|x64.Build.0 = Debug|x64
		{B1DD1867-DFE9-4A87-8BB6-EB8AEF148316}.Debug|x64.Deploy.0 = Debug|x64
		{B1DD1867-DFE9-4A87-8BB6-EB8AEF148316}.Debug|x86.ActiveCfg = Debug|Any CPU
		{B1DD1867-DFE9-4A87-8BB6-EB8AEF148316}.Debug|x86.Build.0 = Debug|Any CPU
		{B1DD1867-DFE9-4A87-8BB6-EB8AEF148316}.Debug|x86.Deploy.0 = Debug|Any CPU
		{B1DD1867-DFE9-4A87-8BB6-EB8AEF148316}.Release|Any CPU.ActiveCfg = Release|Any CPU
		{B1DD1867-DFE9-4A87-8BB6-EB8AEF148316}.Release|Any CPU.Build.0 = Release|Any CPU
		{B1DD1867-DFE9-4A87-8BB6-EB8AEF148316}.Release|Any CPU.Deploy.0 = Release|Any CPU
		{B1DD1867-DFE9-4A87-8BB6-EB8AEF148316}.Release|ARM64.ActiveCfg = Release|ARM64
		{B1DD1867-DFE9-4A87-8BB6-EB8AEF148316}.Release|ARM64.Build.0 = Release|ARM64
		{B1DD1867-DFE9-4A87-8BB6-EB8AEF148316}.Release|ARM64.Deploy.0 = Release|ARM64
		{B1DD1867-DFE9-4A87-8BB6-EB8AEF148316}.Release|x64.ActiveCfg = Release|x64
		{B1DD1867-DFE9-4A87-8BB6-EB8AEF148316}.Release|x64.Build.0 = Release|x64
		{B1DD1867-DFE9-4A87-8BB6-EB8AEF148316}.Release|x64.Deploy.0 = Release|x64
		{B1DD1867-DFE9-4A87-8BB6-EB8AEF148316}.Release|x86.ActiveCfg = Release|Any CPU
		{B1DD1867-DFE9-4A87-8BB6-EB8AEF148316}.Release|x86.Build.0 = Release|Any CPU
		{B1DD1867-DFE9-4A87-8BB6-EB8AEF148316}.Release|x86.Deploy.0 = Release|Any CPU
		{5DB2257B-8DCF-4F6D-A29E-FBD09A918EAB}.Debug|Any CPU.ActiveCfg = Debug|Any CPU
		{5DB2257B-8DCF-4F6D-A29E-FBD09A918EAB}.Debug|Any CPU.Build.0 = Debug|Any CPU
		{5DB2257B-8DCF-4F6D-A29E-FBD09A918EAB}.Debug|ARM64.ActiveCfg = Debug|ARM64
		{5DB2257B-8DCF-4F6D-A29E-FBD09A918EAB}.Debug|ARM64.Build.0 = Debug|ARM64
		{5DB2257B-8DCF-4F6D-A29E-FBD09A918EAB}.Debug|x64.ActiveCfg = Debug|x64
		{5DB2257B-8DCF-4F6D-A29E-FBD09A918EAB}.Debug|x64.Build.0 = Debug|x64
		{5DB2257B-8DCF-4F6D-A29E-FBD09A918EAB}.Debug|x86.ActiveCfg = Debug|Any CPU
		{5DB2257B-8DCF-4F6D-A29E-FBD09A918EAB}.Debug|x86.Build.0 = Debug|Any CPU
		{5DB2257B-8DCF-4F6D-A29E-FBD09A918EAB}.Release|Any CPU.ActiveCfg = Release|Any CPU
		{5DB2257B-8DCF-4F6D-A29E-FBD09A918EAB}.Release|Any CPU.Build.0 = Release|Any CPU
		{5DB2257B-8DCF-4F6D-A29E-FBD09A918EAB}.Release|ARM64.ActiveCfg = Release|ARM64
		{5DB2257B-8DCF-4F6D-A29E-FBD09A918EAB}.Release|ARM64.Build.0 = Release|ARM64
		{5DB2257B-8DCF-4F6D-A29E-FBD09A918EAB}.Release|x64.ActiveCfg = Release|x64
		{5DB2257B-8DCF-4F6D-A29E-FBD09A918EAB}.Release|x64.Build.0 = Release|x64
		{5DB2257B-8DCF-4F6D-A29E-FBD09A918EAB}.Release|x86.ActiveCfg = Release|Any CPU
		{5DB2257B-8DCF-4F6D-A29E-FBD09A918EAB}.Release|x86.Build.0 = Release|Any CPU
		{BB0957EA-E9AA-46FE-8C97-442DB3E571EA}.Debug|Any CPU.ActiveCfg = Debug|Any CPU
		{BB0957EA-E9AA-46FE-8C97-442DB3E571EA}.Debug|Any CPU.Build.0 = Debug|Any CPU
		{BB0957EA-E9AA-46FE-8C97-442DB3E571EA}.Debug|ARM64.ActiveCfg = Debug|ARM64
		{BB0957EA-E9AA-46FE-8C97-442DB3E571EA}.Debug|ARM64.Build.0 = Debug|ARM64
		{BB0957EA-E9AA-46FE-8C97-442DB3E571EA}.Debug|x64.ActiveCfg = Debug|x64
		{BB0957EA-E9AA-46FE-8C97-442DB3E571EA}.Debug|x64.Build.0 = Debug|x64
		{BB0957EA-E9AA-46FE-8C97-442DB3E571EA}.Debug|x86.ActiveCfg = Debug|Any CPU
		{BB0957EA-E9AA-46FE-8C97-442DB3E571EA}.Debug|x86.Build.0 = Debug|Any CPU
		{BB0957EA-E9AA-46FE-8C97-442DB3E571EA}.Release|Any CPU.ActiveCfg = Release|Any CPU
		{BB0957EA-E9AA-46FE-8C97-442DB3E571EA}.Release|Any CPU.Build.0 = Release|Any CPU
		{BB0957EA-E9AA-46FE-8C97-442DB3E571EA}.Release|ARM64.ActiveCfg = Release|ARM64
		{BB0957EA-E9AA-46FE-8C97-442DB3E571EA}.Release|ARM64.Build.0 = Release|ARM64
		{BB0957EA-E9AA-46FE-8C97-442DB3E571EA}.Release|x64.ActiveCfg = Release|x64
		{BB0957EA-E9AA-46FE-8C97-442DB3E571EA}.Release|x64.Build.0 = Release|x64
		{BB0957EA-E9AA-46FE-8C97-442DB3E571EA}.Release|x86.ActiveCfg = Release|Any CPU
		{BB0957EA-E9AA-46FE-8C97-442DB3E571EA}.Release|x86.Build.0 = Release|Any CPU
		{7933A9F9-799B-4503-9327-9A2281D69455}.Debug|Any CPU.ActiveCfg = Debug|Any CPU
		{7933A9F9-799B-4503-9327-9A2281D69455}.Debug|Any CPU.Build.0 = Debug|Any CPU
		{7933A9F9-799B-4503-9327-9A2281D69455}.Debug|ARM64.ActiveCfg = Debug|ARM64
		{7933A9F9-799B-4503-9327-9A2281D69455}.Debug|ARM64.Build.0 = Debug|ARM64
		{7933A9F9-799B-4503-9327-9A2281D69455}.Debug|x64.ActiveCfg = Debug|x64
		{7933A9F9-799B-4503-9327-9A2281D69455}.Debug|x64.Build.0 = Debug|x64
		{7933A9F9-799B-4503-9327-9A2281D69455}.Debug|x86.ActiveCfg = Debug|Any CPU
		{7933A9F9-799B-4503-9327-9A2281D69455}.Debug|x86.Build.0 = Debug|Any CPU
		{7933A9F9-799B-4503-9327-9A2281D69455}.Release|Any CPU.ActiveCfg = Release|Any CPU
		{7933A9F9-799B-4503-9327-9A2281D69455}.Release|Any CPU.Build.0 = Release|Any CPU
		{7933A9F9-799B-4503-9327-9A2281D69455}.Release|ARM64.ActiveCfg = Release|ARM64
		{7933A9F9-799B-4503-9327-9A2281D69455}.Release|ARM64.Build.0 = Release|ARM64
		{7933A9F9-799B-4503-9327-9A2281D69455}.Release|x64.ActiveCfg = Release|x64
		{7933A9F9-799B-4503-9327-9A2281D69455}.Release|x64.Build.0 = Release|x64
		{7933A9F9-799B-4503-9327-9A2281D69455}.Release|x86.ActiveCfg = Release|Any CPU
		{7933A9F9-799B-4503-9327-9A2281D69455}.Release|x86.Build.0 = Release|Any CPU
		{6F60C6BC-0A04-4B22-B121-EC264A2AD2C7}.Debug|Any CPU.ActiveCfg = Debug|Any CPU
		{6F60C6BC-0A04-4B22-B121-EC264A2AD2C7}.Debug|Any CPU.Build.0 = Debug|Any CPU
		{6F60C6BC-0A04-4B22-B121-EC264A2AD2C7}.Debug|ARM64.ActiveCfg = Debug|ARM64
		{6F60C6BC-0A04-4B22-B121-EC264A2AD2C7}.Debug|ARM64.Build.0 = Debug|ARM64
		{6F60C6BC-0A04-4B22-B121-EC264A2AD2C7}.Debug|x64.ActiveCfg = Debug|x64
		{6F60C6BC-0A04-4B22-B121-EC264A2AD2C7}.Debug|x64.Build.0 = Debug|x64
		{6F60C6BC-0A04-4B22-B121-EC264A2AD2C7}.Debug|x86.ActiveCfg = Debug|Any CPU
		{6F60C6BC-0A04-4B22-B121-EC264A2AD2C7}.Debug|x86.Build.0 = Debug|Any CPU
		{6F60C6BC-0A04-4B22-B121-EC264A2AD2C7}.Release|Any CPU.ActiveCfg = Release|Any CPU
		{6F60C6BC-0A04-4B22-B121-EC264A2AD2C7}.Release|Any CPU.Build.0 = Release|Any CPU
		{6F60C6BC-0A04-4B22-B121-EC264A2AD2C7}.Release|ARM64.ActiveCfg = Release|ARM64
		{6F60C6BC-0A04-4B22-B121-EC264A2AD2C7}.Release|ARM64.Build.0 = Release|ARM64
		{6F60C6BC-0A04-4B22-B121-EC264A2AD2C7}.Release|x64.ActiveCfg = Release|x64
		{6F60C6BC-0A04-4B22-B121-EC264A2AD2C7}.Release|x64.Build.0 = Release|x64
		{6F60C6BC-0A04-4B22-B121-EC264A2AD2C7}.Release|x86.ActiveCfg = Release|Any CPU
		{6F60C6BC-0A04-4B22-B121-EC264A2AD2C7}.Release|x86.Build.0 = Release|Any CPU
	EndGlobalSection
	GlobalSection(SolutionProperties) = preSolution
		HideSolutionNode = FALSE
	EndGlobalSection
	GlobalSection(ExtensibilityGlobals) = postSolution
		SolutionGuid = {5863815B-F7C2-477F-BCB4-EACC8482F9F7}
	EndGlobalSection
EndGlobal
